
Microsoft Visual Studio Solution File, Format Version 12.00
# Visual Studio Version 17
VisualStudioVersion = 17.1.31911.260
MinimumVisualStudioVersion = 10.0.40219.1
Project("{FAE04EC0-301F-11D3-BF4B-00C04F79EFBC}") = "XFSOAnswers.Android", "XFSOAnswers.Android\XFSOAnswers.Android.csproj", "{2A04118F-68A1-40C2-B63F-47A4FB9278E9}"
EndProject
Project("{FAE04EC0-301F-11D3-BF4B-00C04F79EFBC}") = "XFSOAnswers.iOS", "XFSOAnswers.iOS\XFSOAnswers.iOS.csproj", "{66CA25AD-6803-4C26-A63B-3737FEA8F6A1}"
EndProject
Project("{9A19103F-16F7-4668-BE54-9A1E7A4F7556}") = "XFSOAnswers", "XFSOAnswers\XFSOAnswers.csproj", "{12ED7006-AFB9-494C-A73C-588D71D88E23}"
EndProject
Global
	GlobalSection(SolutionConfigurationPlatforms) = preSolution
		Debug|Any CPU = Debug|Any CPU
		Debug|ARM = Debug|ARM
		Debug|ARM64 = Debug|ARM64
		Debug|iPhone = Debug|iPhone
		Debug|iPhoneSimulator = Debug|iPhoneSimulator
		Debug|x64 = Debug|x64
		Debug|x86 = Debug|x86
		Release|Any CPU = Release|Any CPU
		Release|ARM = Release|ARM
		Release|ARM64 = Release|ARM64
		Release|iPhone = Release|iPhone
		Release|iPhoneSimulator = Release|iPhoneSimulator
		Release|x64 = Release|x64
		Release|x86 = Release|x86
	EndGlobalSection
	GlobalSection(ProjectConfigurationPlatforms) = postSolution
		{2A04118F-68A1-40C2-B63F-47A4FB9278E9}.Debug|Any CPU.ActiveCfg = Debug|Any CPU
		{2A04118F-68A1-40C2-B63F-47A4FB9278E9}.Debug|Any CPU.Build.0 = Debug|Any CPU
		{2A04118F-68A1-40C2-B63F-47A4FB9278E9}.Debug|Any CPU.Deploy.0 = Debug|Any CPU
		{2A04118F-68A1-40C2-B63F-47A4FB9278E9}.Debug|ARM.ActiveCfg = Debug|Any CPU
		{2A04118F-68A1-40C2-B63F-47A4FB9278E9}.Debug|ARM.Build.0 = Debug|Any CPU
		{2A04118F-68A1-40C2-B63F-47A4FB9278E9}.Debug|ARM.Deploy.0 = Debug|Any CPU
		{2A04118F-68A1-40C2-B63F-47A4FB9278E9}.Debug|ARM64.ActiveCfg = Debug|Any CPU
		{2A04118F-68A1-40C2-B63F-47A4FB9278E9}.Debug|ARM64.Build.0 = Debug|Any CPU
		{2A04118F-68A1-40C2-B63F-47A4FB9278E9}.Debug|ARM64.Deploy.0 = Debug|Any CPU
		{2A04118F-68A1-40C2-B63F-47A4FB9278E9}.Debug|iPhone.ActiveCfg = Debug|Any CPU
		{2A04118F-68A1-40C2-B63F-47A4FB9278E9}.Debug|iPhone.Build.0 = Debug|Any CPU
		{2A04118F-68A1-40C2-B63F-47A4FB9278E9}.Debug|iPhone.Deploy.0 = Debug|Any CPU
		{2A04118F-68A1-40C2-B63F-47A4FB9278E9}.Debug|iPhoneSimulator.ActiveCfg = Debug|Any CPU
		{2A04118F-68A1-40C2-B63F-47A4FB9278E9}.Debug|iPhoneSimulator.Deploy.0 = Debug|Any CPU
		{2A04118F-68A1-40C2-B63F-47A4FB9278E9}.Debug|x64.ActiveCfg = Debug|Any CPU
		{2A04118F-68A1-40C2-B63F-47A4FB9278E9}.Debug|x64.Build.0 = Debug|Any CPU
		{2A04118F-68A1-40C2-B63F-47A4FB9278E9}.Debug|x64.Deploy.0 = Debug|Any CPU
		{2A04118F-68A1-40C2-B63F-47A4FB9278E9}.Debug|x86.ActiveCfg = Debug|Any CPU
		{2A04118F-68A1-40C2-B63F-47A4FB9278E9}.Debug|x86.Build.0 = Debug|Any CPU
		{2A04118F-68A1-40C2-B63F-47A4FB9278E9}.Debug|x86.Deploy.0 = Debug|Any CPU
		{2A04118F-68A1-40C2-B63F-47A4FB9278E9}.Release|Any CPU.ActiveCfg = Release|Any CPU
		{2A04118F-68A1-40C2-B63F-47A4FB9278E9}.Release|Any CPU.Build.0 = Release|Any CPU
		{2A04118F-68A1-40C2-B63F-47A4FB9278E9}.Release|Any CPU.Deploy.0 = Release|Any CPU
		{2A04118F-68A1-40C2-B63F-47A4FB9278E9}.Release|ARM.ActiveCfg = Release|Any CPU
		{2A04118F-68A1-40C2-B63F-47A4FB9278E9}.Release|ARM.Build.0 = Release|Any CPU
		{2A04118F-68A1-40C2-B63F-47A4FB9278E9}.Release|ARM.Deploy.0 = Release|Any CPU
		{2A04118F-68A1-40C2-B63F-47A4FB9278E9}.Release|ARM64.ActiveCfg = Release|Any CPU
		{2A04118F-68A1-40C2-B63F-47A4FB9278E9}.Release|ARM64.Build.0 = Release|Any CPU
		{2A04118F-68A1-40C2-B63F-47A4FB9278E9}.Release|ARM64.Deploy.0 = Release|Any CPU
		{2A04118F-68A1-40C2-B63F-47A4FB9278E9}.Release|iPhone.ActiveCfg = Release|Any CPU
		{2A04118F-68A1-40C2-B63F-47A4FB9278E9}.Release|iPhone.Build.0 = Release|Any CPU
		{2A04118F-68A1-40C2-B63F-47A4FB9278E9}.Release|iPhone.Deploy.0 = Release|Any CPU
		{2A04118F-68A1-40C2-B63F-47A4FB9278E9}.Release|iPhoneSimulator.ActiveCfg = Release|Any CPU
		{2A04118F-68A1-40C2-B63F-47A4FB9278E9}.Release|iPhoneSimulator.Build.0 = Release|Any CPU
		{2A04118F-68A1-40C2-B63F-47A4FB9278E9}.Release|iPhoneSimulator.Deploy.0 = Release|Any CPU
		{2A04118F-68A1-40C2-B63F-47A4FB9278E9}.Release|x64.ActiveCfg = Release|Any CPU
		{2A04118F-68A1-40C2-B63F-47A4FB9278E9}.Release|x64.Build.0 = Release|Any CPU
		{2A04118F-68A1-40C2-B63F-47A4FB9278E9}.Release|x64.Deploy.0 = Release|Any CPU
		{2A04118F-68A1-40C2-B63F-47A4FB9278E9}.Release|x86.ActiveCfg = Release|Any CPU
		{2A04118F-68A1-40C2-B63F-47A4FB9278E9}.Release|x86.Build.0 = Release|Any CPU
		{2A04118F-68A1-40C2-B63F-47A4FB9278E9}.Release|x86.Deploy.0 = Release|Any CPU
		{66CA25AD-6803-4C26-A63B-3737FEA8F6A1}.Debug|Any CPU.ActiveCfg = Debug|iPhone
		{66CA25AD-6803-4C26-A63B-3737FEA8F6A1}.Debug|Any CPU.Deploy.0 = Debug|iPhone
		{66CA25AD-6803-4C26-A63B-3737FEA8F6A1}.Debug|ARM.ActiveCfg = Debug|iPhoneSimulator
		{66CA25AD-6803-4C26-A63B-3737FEA8F6A1}.Debug|ARM64.ActiveCfg = Debug|iPhoneSimulator
		{66CA25AD-6803-4C26-A63B-3737FEA8F6A1}.Debug|iPhone.ActiveCfg = Debug|iPhone
		{66CA25AD-6803-4C26-A63B-3737FEA8F6A1}.Debug|iPhone.Build.0 = Debug|iPhone
		{66CA25AD-6803-4C26-A63B-3737FEA8F6A1}.Debug|iPhone.Deploy.0 = Debug|iPhone
		{66CA25AD-6803-4C26-A63B-3737FEA8F6A1}.Debug|iPhoneSimulator.ActiveCfg = Debug|iPhoneSimulator
		{66CA25AD-6803-4C26-A63B-3737FEA8F6A1}.Debug|iPhoneSimulator.Build.0 = Debug|iPhoneSimulator
		{66CA25AD-6803-4C26-A63B-3737FEA8F6A1}.Debug|iPhoneSimulator.Deploy.0 = Debug|iPhoneSimulator
		{66CA25AD-6803-4C26-A63B-3737FEA8F6A1}.Debug|x64.ActiveCfg = Debug|iPhoneSimulator
		{66CA25AD-6803-4C26-A63B-3737FEA8F6A1}.Debug|x86.ActiveCfg = Debug|iPhoneSimulator
		{66CA25AD-6803-4C26-A63B-3737FEA8F6A1}.Release|Any CPU.ActiveCfg = Release|iPhoneSimulator
		{66CA25AD-6803-4C26-A63B-3737FEA8F6A1}.Release|Any CPU.Build.0 = Release|iPhoneSimulator
		{66CA25AD-6803-4C26-A63B-3737FEA8F6A1}.Release|Any CPU.Deploy.0 = Release|iPhoneSimulator
		{66CA25AD-6803-4C26-A63B-3737FEA8F6A1}.Release|ARM.ActiveCfg = Release|iPhone
		{66CA25AD-6803-4C26-A63B-3737FEA8F6A1}.Release|ARM64.ActiveCfg = Release|iPhone
		{66CA25AD-6803-4C26-A63B-3737FEA8F6A1}.Release|iPhone.ActiveCfg = Release|iPhone
		{66CA25AD-6803-4C26-A63B-3737FEA8F6A1}.Release|iPhone.Build.0 = Release|iPhone
		{66CA25AD-6803-4C26-A63B-3737FEA8F6A1}.Release|iPhone.Deploy.0 = Release|iPhone
		{66CA25AD-6803-4C26-A63B-3737FEA8F6A1}.Release|iPhoneSimulator.ActiveCfg = Release|iPhoneSimulator
		{66CA25AD-6803-4C26-A63B-3737FEA8F6A1}.Release|iPhoneSimulator.Build.0 = Release|iPhoneSimulator
		{66CA25AD-6803-4C26-A63B-3737FEA8F6A1}.Release|iPhoneSimulator.Deploy.0 = Release|iPhoneSimulator
		{66CA25AD-6803-4C26-A63B-3737FEA8F6A1}.Release|x64.ActiveCfg = Release|iPhone
		{66CA25AD-6803-4C26-A63B-3737FEA8F6A1}.Release|x86.ActiveCfg = Release|iPhone
		{12ED7006-AFB9-494C-A73C-588D71D88E23}.Debug|Any CPU.ActiveCfg = Debug|Any CPU
		{12ED7006-AFB9-494C-A73C-588D71D88E23}.Debug|Any CPU.Build.0 = Debug|Any CPU
		{12ED7006-AFB9-494C-A73C-588D71D88E23}.Debug|Any CPU.Deploy.0 = Debug|Any CPU
		{12ED7006-AFB9-494C-A73C-588D71D88E23}.Debug|ARM.ActiveCfg = Debug|Any CPU
		{12ED7006-AFB9-494C-A73C-588D71D88E23}.Debug|ARM.Build.0 = Debug|Any CPU
		{12ED7006-AFB9-494C-A73C-588D71D88E23}.Debug|ARM64.ActiveCfg = Debug|Any CPU
		{12ED7006-AFB9-494C-A73C-588D71D88E23}.Debug|ARM64.Build.0 = Debug|Any CPU
		{12ED7006-AFB9-494C-A73C-588D71D88E23}.Debug|iPhone.ActiveCfg = Debug|Any CPU
		{12ED7006-AFB9-494C-A73C-588D71D88E23}.Debug|iPhone.Build.0 = Debug|Any CPU
		{12ED7006-AFB9-494C-A73C-588D71D88E23}.Debug|iPhone.Deploy.0 = Debug|Any CPU
		{12ED7006-AFB9-494C-A73C-588D71D88E23}.Debug|iPhoneSimulator.ActiveCfg = Debug|Any CPU
		{12ED7006-AFB9-494C-A73C-588D71D88E23}.Debug|iPhoneSimulator.Build.0 = Debug|Any CPU
		{12ED7006-AFB9-494C-A73C-588D71D88E23}.Debug|iPhoneSimulator.Deploy.0 = Debug|Any CPU
		{12ED7006-AFB9-494C-A73C-588D71D88E23}.Debug|x64.ActiveCfg = Debug|Any CPU
		{12ED7006-AFB9-494C-A73C-588D71D88E23}.Debug|x64.Build.0 = Debug|Any CPU
		{12ED7006-AFB9-494C-A73C-588D71D88E23}.Debug|x86.ActiveCfg = Debug|Any CPU
		{12ED7006-AFB9-494C-A73C-588D71D88E23}.Debug|x86.Build.0 = Debug|Any CPU
		{12ED7006-AFB9-494C-A73C-588D71D88E23}.Release|Any CPU.ActiveCfg = Release|Any CPU
		{12ED7006-AFB9-494C-A73C-588D71D88E23}.Release|Any CPU.Build.0 = Release|Any CPU
		{12ED7006-AFB9-494C-A73C-588D71D88E23}.Release|Any CPU.Deploy.0 = Release|Any CPU
		{12ED7006-AFB9-494C-A73C-588D71D88E23}.Release|ARM.ActiveCfg = Release|Any CPU
		{12ED7006-AFB9-494C-A73C-588D71D88E23}.Release|ARM.Build.0 = Release|Any CPU
		{12ED7006-AFB9-494C-A73C-588D71D88E23}.Release|ARM64.ActiveCfg = Release|Any CPU
		{12ED7006-AFB9-494C-A73C-588D71D88E23}.Release|ARM64.Build.0 = Release|Any CPU
		{12ED7006-AFB9-494C-A73C-588D71D88E23}.Release|iPhone.ActiveCfg = Release|Any CPU
		{12ED7006-AFB9-494C-A73C-588D71D88E23}.Release|iPhone.Build.0 = Release|Any CPU
		{12ED7006-AFB9-494C-A73C-588D71D88E23}.Release|iPhone.Deploy.0 = Release|Any CPU
		{12ED7006-AFB9-494C-A73C-588D71D88E23}.Release|iPhoneSimulator.ActiveCfg = Release|Any CPU
		{12ED7006-AFB9-494C-A73C-588D71D88E23}.Release|iPhoneSimulator.Build.0 = Release|Any CPU
		{12ED7006-AFB9-494C-A73C-588D71D88E23}.Release|iPhoneSimulator.Deploy.0 = Release|Any CPU
		{12ED7006-AFB9-494C-A73C-588D71D88E23}.Release|x64.ActiveCfg = Release|Any CPU
		{12ED7006-AFB9-494C-A73C-588D71D88E23}.Release|x64.Build.0 = Release|Any CPU
		{12ED7006-AFB9-494C-A73C-588D71D88E23}.Release|x86.ActiveCfg = Release|Any CPU
		{12ED7006-AFB9-494C-A73C-588D71D88E23}.Release|x86.Build.0 = Release|Any CPU
	EndGlobalSection
	GlobalSection(SolutionProperties) = preSolution
		HideSolutionNode = FALSE
	EndGlobalSection
	GlobalSection(ExtensibilityGlobals) = postSolution
		SolutionGuid = {E06E5799-EF9E-4982-8F34-F0DF0F84B405}
	EndGlobalSection
EndGlobal
